{
  "originHash" : "b3899252e2fab029279022e63386f728425f680bc75679b1a6cd7402ebe7f666",
  "pins" : [
    {
      "identity" : "capacitor-swift-pm",
      "kind" : "remoteSourceControl",
      "location" : "https://github.com/ionic-team/capacitor-swift-pm.git",
      "state" : {
        "revision" : "992959f0467c781eb6a1637e69d87481238c3672",
        "version" : "8.3.4"
      }
    },
    {
      "identity" : "purchases-hybrid-common",
      "kind" : "remoteSourceControl",
      "location" : "https://github.com/RevenueCat/purchases-hybrid-common.git",
      "state" : {
        "revision" : "a9d25f3d300cdb515b0cce464b59ebb29ad9ec14",
        "version" : "18.10.0"
      }
    },
    {
      "identity" : "purchases-ios-spm",
      "kind" : "remoteSourceControl",
      "location" : "https://github.com/RevenueCat/purchases-ios-spm",
      "state" : {
        "revision" : "92e2804a6b84b3b7ce60bfe7e9ff63dc9524ef5b",
        "version" : "5.76.0"
      }
    }
  ],
  "version" : 3
}
